
Microsoft Visual Studio Solution File, Format Version 12.00
# Visual Studio Version 16
VisualStudioVersion = 16.0.29519.181
MinimumVisualStudioVersion = 10.0.40219.1
Project("{8BC9CEB8-8B4A-11D0-8D11-00A0C91BC942}") = "A1042", "PAT满分\PAT满分.vcxproj", "{378FEEC6-E906-4C59-A438-5084B37219B1}"
EndProject
Project("{8BC9CEB8-8B4A-11D0-8D11-00A0C91BC942}") = "A1010", "A1010\A1010.vcxproj", "{5E90D52C-E3AD-4B2D-A4EF-B710EEE02386}"
EndProject
Project("{8BC9CEB8-8B4A-11D0-8D11-00A0C91BC942}") = "A1010PITY", "A1010PITY\A1010PITY.vcxproj", "{669C3B03-3CBF-47C7-98D1-3F6B34CEC7A9}"
EndProject
Project("{8BC9CEB8-8B4A-11D0-8D11-00A0C91BC942}") = "A1001 A+B Format", "A1001 A+B Format\A1001 A+B Format.vcxproj", "{D2D370C4-D56A-4294-886D-7D40939FB8A3}"
EndProject
Project("{8BC9CEB8-8B4A-11D0-8D11-00A0C91BC942}") = "A1046 Shortest Distance (20分)", "1046 Shortest Distance (20分)\1046 Shortest Distance (20分).vcxproj", "{2BC282B3-B467-40EF-83E1-58BDEA2CFF95}"
EndProject
Project("{8BC9CEB8-8B4A-11D0-8D11-00A0C91BC942}") = "A1065 A+B and C (64bit) (20分)", "1065 A+B and C (64bit) (20分)\1065 A+B and C (64bit) (20分).vcxproj", "{89B8A8C3-D2E7-4FE2-89CC-C49DEABBF21B}"
EndProject
Project("{8BC9CEB8-8B4A-11D0-8D11-00A0C91BC942}") = "A1002 A+B for Polynomials (25分)", "1002 A+B for Polynomials (25分)\1002 A+B for Polynomials (25分).vcxproj", "{5A0BE14A-8716-4DEA-816E-2A0669594C25}"
EndProject
Project("{8BC9CEB8-8B4A-11D0-8D11-00A0C91BC942}") = "A1003 Emergency (25分)", "1003 Emergency (25分)\1003 Emergency (25分).vcxproj", "{AA32EDBE-1F61-49D3-A31F-A8A9308FD56F}"
EndProject
Project("{8BC9CEB8-8B4A-11D0-8D11-00A0C91BC942}") = "A1030 Travel Plan (30分)", "1030 Travel Plan (30分)\1030 Travel Plan (30分).vcxproj", "{1CB295AA-A41B-441B-9223-61444124B658}"
EndProject
Project("{8BC9CEB8-8B4A-11D0-8D11-00A0C91BC942}") = "A1029 Median (25分)", "A1029 Median (25分)\A1029 Median (25分).vcxproj", "{9BD80A6C-5056-4A02-B7A2-D91ED9D93CC1}"
EndProject
Project("{8BC9CEB8-8B4A-11D0-8D11-00A0C91BC942}") = "A1016 Phone Bills (25分)", "A1016 Phone Bills (25分)\A1016 Phone Bills (25分).vcxproj", "{82AE22A3-1DF4-489C-A88A-423E94170973}"
EndProject
Project("{8BC9CEB8-8B4A-11D0-8D11-00A0C91BC942}") = "A1028 List Sorting (25分)", "1028 List Sorting (25分)\1028 List Sorting (25分).vcxproj", "{39F299CF-0218-4423-9500-2E8AE692732F}"
EndProject
Project("{8BC9CEB8-8B4A-11D0-8D11-00A0C91BC942}") = "A1021 Deepest Root (25分)", "A1021 Deepest Root (25分)\A1021 Deepest Root (25分).vcxproj", "{EF30CA02-81EC-454F-9A46-A98BC2222ADC}"
EndProject
Project("{8BC9CEB8-8B4A-11D0-8D11-00A0C91BC942}") = "A1055 The World's Richest (25分)", "A1055 The World's Richest (25分)\A1055 The World's Richest (25分).vcxproj", "{9C5C65A5-B877-45AB-8C1C-1F0A49877DA6}"
EndProject
Project("{8BC9CEB8-8B4A-11D0-8D11-00A0C91BC942}") = "A1067 Sort with Swap(0, i) (25分)", "A1067 Sort with Swap(0, i) (25分)\A1067 Sort with Swap(0, i) (25分).vcxproj", "{690888BC-E519-4E38-A22D-EEDEB8700166}"
EndProject
Global
	GlobalSection(SolutionConfigurationPlatforms) = preSolution
		Debug|x64 = Debug|x64
		Debug|x86 = Debug|x86
		Release|x64 = Release|x64
		Release|x86 = Release|x86
	EndGlobalSection
	GlobalSection(ProjectConfigurationPlatforms) = postSolution
		{378FEEC6-E906-4C59-A438-5084B37219B1}.Debug|x64.ActiveCfg = Debug|x64
		{378FEEC6-E906-4C59-A438-5084B37219B1}.Debug|x64.Build.0 = Debug|x64
		{378FEEC6-E906-4C59-A438-5084B37219B1}.Debug|x86.ActiveCfg = Debug|Win32
		{378FEEC6-E906-4C59-A438-5084B37219B1}.Debug|x86.Build.0 = Debug|Win32
		{378FEEC6-E906-4C59-A438-5084B37219B1}.Release|x64.ActiveCfg = Release|x64
		{378FEEC6-E906-4C59-A438-5084B37219B1}.Release|x64.Build.0 = Release|x64
		{378FEEC6-E906-4C59-A438-5084B37219B1}.Release|x86.ActiveCfg = Release|Win32
		{378FEEC6-E906-4C59-A438-5084B37219B1}.Release|x86.Build.0 = Release|Win32
		{5E90D52C-E3AD-4B2D-A4EF-B710EEE02386}.Debug|x64.ActiveCfg = Debug|x64
		{5E90D52C-E3AD-4B2D-A4EF-B710EEE02386}.Debug|x64.Build.0 = Debug|x64
		{5E90D52C-E3AD-4B2D-A4EF-B710EEE02386}.Debug|x86.ActiveCfg = Debug|Win32
		{5E90D52C-E3AD-4B2D-A4EF-B710EEE02386}.Debug|x86.Build.0 = Debug|Win32
		{5E90D52C-E3AD-4B2D-A4EF-B710EEE02386}.Release|x64.ActiveCfg = Release|x64
		{5E90D52C-E3AD-4B2D-A4EF-B710EEE02386}.Release|x64.Build.0 = Release|x64
		{5E90D52C-E3AD-4B2D-A4EF-B710EEE02386}.Release|x86.ActiveCfg = Release|Win32
		{5E90D52C-E3AD-4B2D-A4EF-B710EEE02386}.Release|x86.Build.0 = Release|Win32
		{669C3B03-3CBF-47C7-98D1-3F6B34CEC7A9}.Debug|x64.ActiveCfg = Debug|x64
		{669C3B03-3CBF-47C7-98D1-3F6B34CEC7A9}.Debug|x64.Build.0 = Debug|x64
		{669C3B03-3CBF-47C7-98D1-3F6B34CEC7A9}.Debug|x86.ActiveCfg = Debug|Win32
		{669C3B03-3CBF-47C7-98D1-3F6B34CEC7A9}.Debug|x86.Build.0 = Debug|Win32
		{669C3B03-3CBF-47C7-98D1-3F6B34CEC7A9}.Release|x64.ActiveCfg = Release|x64
		{669C3B03-3CBF-47C7-98D1-3F6B34CEC7A9}.Release|x64.Build.0 = Release|x64
		{669C3B03-3CBF-47C7-98D1-3F6B34CEC7A9}.Release|x86.ActiveCfg = Release|Win32
		{669C3B03-3CBF-47C7-98D1-3F6B34CEC7A9}.Release|x86.Build.0 = Release|Win32
		{D2D370C4-D56A-4294-886D-7D40939FB8A3}.Debug|x64.ActiveCfg = Debug|x64
		{D2D370C4-D56A-4294-886D-7D40939FB8A3}.Debug|x64.Build.0 = Debug|x64
		{D2D370C4-D56A-4294-886D-7D40939FB8A3}.Debug|x86.ActiveCfg = Debug|Win32
		{D2D370C4-D56A-4294-886D-7D40939FB8A3}.Debug|x86.Build.0 = Debug|Win32
		{D2D370C4-D56A-4294-886D-7D40939FB8A3}.Release|x64.ActiveCfg = Release|x64
		{D2D370C4-D56A-4294-886D-7D40939FB8A3}.Release|x64.Build.0 = Release|x64
		{D2D370C4-D56A-4294-886D-7D40939FB8A3}.Release|x86.ActiveCfg = Release|Win32
		{D2D370C4-D56A-4294-886D-7D40939FB8A3}.Release|x86.Build.0 = Release|Win32
		{2BC282B3-B467-40EF-83E1-58BDEA2CFF95}.Debug|x64.ActiveCfg = Debug|x64
		{2BC282B3-B467-40EF-83E1-58BDEA2CFF95}.Debug|x64.Build.0 = Debug|x64
		{2BC282B3-B467-40EF-83E1-58BDEA2CFF95}.Debug|x86.ActiveCfg = Debug|Win32
		{2BC282B3-B467-40EF-83E1-58BDEA2CFF95}.Debug|x86.Build.0 = Debug|Win32
		{2BC282B3-B467-40EF-83E1-58BDEA2CFF95}.Release|x64.ActiveCfg = Release|x64
		{2BC282B3-B467-40EF-83E1-58BDEA2CFF95}.Release|x64.Build.0 = Release|x64
		{2BC282B3-B467-40EF-83E1-58BDEA2CFF95}.Release|x86.ActiveCfg = Release|Win32
		{2BC282B3-B467-40EF-83E1-58BDEA2CFF95}.Release|x86.Build.0 = Release|Win32
		{89B8A8C3-D2E7-4FE2-89CC-C49DEABBF21B}.Debug|x64.ActiveCfg = Debug|x64
		{89B8A8C3-D2E7-4FE2-89CC-C49DEABBF21B}.Debug|x64.Build.0 = Debug|x64
		{89B8A8C3-D2E7-4FE2-89CC-C49DEABBF21B}.Debug|x86.ActiveCfg = Debug|Win32
		{89B8A8C3-D2E7-4FE2-89CC-C49DEABBF21B}.Debug|x86.Build.0 = Debug|Win32
		{89B8A8C3-D2E7-4FE2-89CC-C49DEABBF21B}.Release|x64.ActiveCfg = Release|x64
		{89B8A8C3-D2E7-4FE2-89CC-C49DEABBF21B}.Release|x64.Build.0 = Release|x64
		{89B8A8C3-D2E7-4FE2-89CC-C49DEABBF21B}.Release|x86.ActiveCfg = Release|Win32
		{89B8A8C3-D2E7-4FE2-89CC-C49DEABBF21B}.Release|x86.Build.0 = Release|Win32
		{5A0BE14A-8716-4DEA-816E-2A0669594C25}.Debug|x64.ActiveCfg = Debug|x64
		{5A0BE14A-8716-4DEA-816E-2A0669594C25}.Debug|x64.Build.0 = Debug|x64
		{5A0BE14A-8716-4DEA-816E-2A0669594C25}.Debug|x86.ActiveCfg = Debug|Win32
		{5A0BE14A-8716-4DEA-816E-2A0669594C25}.Debug|x86.Build.0 = Debug|Win32
		{5A0BE14A-8716-4DEA-816E-2A0669594C25}.Release|x64.ActiveCfg = Release|x64
		{5A0BE14A-8716-4DEA-816E-2A0669594C25}.Release|x64.Build.0 = Release|x64
		{5A0BE14A-8716-4DEA-816E-2A0669594C25}.Release|x86.ActiveCfg = Release|Win32
		{5A0BE14A-8716-4DEA-816E-2A0669594C25}.Release|x86.Build.0 = Release|Win32
		{AA32EDBE-1F61-49D3-A31F-A8A9308FD56F}.Debug|x64.ActiveCfg = Debug|x64
		{AA32EDBE-1F61-49D3-A31F-A8A9308FD56F}.Debug|x64.Build.0 = Debug|x64
		{AA32EDBE-1F61-49D3-A31F-A8A9308FD56F}.Debug|x86.ActiveCfg = Debug|Win32
		{AA32EDBE-1F61-49D3-A31F-A8A9308FD56F}.Debug|x86.Build.0 = Debug|Win32
		{AA32EDBE-1F61-49D3-A31F-A8A9308FD56F}.Release|x64.ActiveCfg = Release|x64
		{AA32EDBE-1F61-49D3-A31F-A8A9308FD56F}.Release|x64.Build.0 = Release|x64
		{AA32EDBE-1F61-49D3-A31F-A8A9308FD56F}.Release|x86.ActiveCfg = Release|Win32
		{AA32EDBE-1F61-49D3-A31F-A8A9308FD56F}.Release|x86.Build.0 = Release|Win32
		{1CB295AA-A41B-441B-9223-61444124B658}.Debug|x64.ActiveCfg = Debug|x64
		{1CB295AA-A41B-441B-9223-61444124B658}.Debug|x64.Build.0 = Debug|x64
		{1CB295AA-A41B-441B-9223-61444124B658}.Debug|x86.ActiveCfg = Debug|Win32
		{1CB295AA-A41B-441B-9223-61444124B658}.Debug|x86.Build.0 = Debug|Win32
		{1CB295AA-A41B-441B-9223-61444124B658}.Release|x64.ActiveCfg = Release|x64
		{1CB295AA-A41B-441B-9223-61444124B658}.Release|x64.Build.0 = Release|x64
		{1CB295AA-A41B-441B-9223-61444124B658}.Release|x86.ActiveCfg = Release|Win32
		{1CB295AA-A41B-441B-9223-61444124B658}.Release|x86.Build.0 = Release|Win32
		{9BD80A6C-5056-4A02-B7A2-D91ED9D93CC1}.Debug|x64.ActiveCfg = Debug|x64
		{9BD80A6C-5056-4A02-B7A2-D91ED9D93CC1}.Debug|x64.Build.0 = Debug|x64
		{9BD80A6C-5056-4A02-B7A2-D91ED9D93CC1}.Debug|x86.ActiveCfg = Debug|Win32
		{9BD80A6C-5056-4A02-B7A2-D91ED9D93CC1}.Debug|x86.Build.0 = Debug|Win32
		{9BD80A6C-5056-4A02-B7A2-D91ED9D93CC1}.Release|x64.ActiveCfg = Release|x64
		{9BD80A6C-5056-4A02-B7A2-D91ED9D93CC1}.Release|x64.Build.0 = Release|x64
		{9BD80A6C-5056-4A02-B7A2-D91ED9D93CC1}.Release|x86.ActiveCfg = Release|Win32
		{9BD80A6C-5056-4A02-B7A2-D91ED9D93CC1}.Release|x86.Build.0 = Release|Win32
		{82AE22A3-1DF4-489C-A88A-423E94170973}.Debug|x64.ActiveCfg = Debug|x64
		{82AE22A3-1DF4-489C-A88A-423E94170973}.Debug|x64.Build.0 = Debug|x64
		{82AE22A3-1DF4-489C-A88A-423E94170973}.Debug|x86.ActiveCfg = Debug|Win32
		{82AE22A3-1DF4-489C-A88A-423E94170973}.Debug|x86.Build.0 = Debug|Win32
		{82AE22A3-1DF4-489C-A88A-423E94170973}.Release|x64.ActiveCfg = Release|x64
		{82AE22A3-1DF4-489C-A88A-423E94170973}.Release|x64.Build.0 = Release|x64
		{82AE22A3-1DF4-489C-A88A-423E94170973}.Release|x86.ActiveCfg = Release|Win32
		{82AE22A3-1DF4-489C-A88A-423E94170973}.Release|x86.Build.0 = Release|Win32
		{39F299CF-0218-4423-9500-2E8AE692732F}.Debug|x64.ActiveCfg = Debug|x64
		{39F299CF-0218-4423-9500-2E8AE692732F}.Debug|x64.Build.0 = Debug|x64
		{39F299CF-0218-4423-9500-2E8AE692732F}.Debug|x86.ActiveCfg = Debug|Win32
		{39F299CF-0218-4423-9500-2E8AE692732F}.Debug|x86.Build.0 = Debug|Win32
		{39F299CF-0218-4423-9500-2E8AE692732F}.Release|x64.ActiveCfg = Release|x64
		{39F299CF-0218-4423-9500-2E8AE692732F}.Release|x64.Build.0 = Release|x64
		{39F299CF-0218-4423-9500-2E8AE692732F}.Release|x86.ActiveCfg = Release|Win32
		{39F299CF-0218-4423-9500-2E8AE692732F}.Release|x86.Build.0 = Release|Win32
		{EF30CA02-81EC-454F-9A46-A98BC2222ADC}.Debug|x64.ActiveCfg = Debug|x64
		{EF30CA02-81EC-454F-9A46-A98BC2222ADC}.Debug|x64.Build.0 = Debug|x64
		{EF30CA02-81EC-454F-9A46-A98BC2222ADC}.Debug|x86.ActiveCfg = Debug|Win32
		{EF30CA02-81EC-454F-9A46-A98BC2222ADC}.Debug|x86.Build.0 = Debug|Win32
		{EF30CA02-81EC-454F-9A46-A98BC2222ADC}.Release|x64.ActiveCfg = Release|x64
		{EF30CA02-81EC-454F-9A46-A98BC2222ADC}.Release|x64.Build.0 = Release|x64
		{EF30CA02-81EC-454F-9A46-A98BC2222ADC}.Release|x86.ActiveCfg = Release|Win32
		{EF30CA02-81EC-454F-9A46-A98BC2222ADC}.Release|x86.Build.0 = Release|Win32
		{9C5C65A5-B877-45AB-8C1C-1F0A49877DA6}.Debug|x64.ActiveCfg = Debug|x64
		{9C5C65A5-B877-45AB-8C1C-1F0A49877DA6}.Debug|x64.Build.0 = Debug|x64
		{9C5C65A5-B877-45AB-8C1C-1F0A49877DA6}.Debug|x86.ActiveCfg = Debug|Win32
		{9C5C65A5-B877-45AB-8C1C-1F0A49877DA6}.Debug|x86.Build.0 = Debug|Win32
		{9C5C65A5-B877-45AB-8C1C-1F0A49877DA6}.Release|x64.ActiveCfg = Release|x64
		{9C5C65A5-B877-45AB-8C1C-1F0A49877DA6}.Release|x64.Build.0 = Release|x64
		{9C5C65A5-B877-45AB-8C1C-1F0A49877DA6}.Release|x86.ActiveCfg = Release|Win32
		{9C5C65A5-B877-45AB-8C1C-1F0A49877DA6}.Release|x86.Build.0 = Release|Win32
		{690888BC-E519-4E38-A22D-EEDEB8700166}.Debug|x64.ActiveCfg = Debug|x64
		{690888BC-E519-4E38-A22D-EEDEB8700166}.Debug|x64.Build.0 = Debug|x64
		{690888BC-E519-4E38-A22D-EEDEB8700166}.Debug|x86.ActiveCfg = Debug|Win32
		{690888BC-E519-4E38-A22D-EEDEB8700166}.Debug|x86.Build.0 = Debug|Win32
		{690888BC-E519-4E38-A22D-EEDEB8700166}.Release|x64.ActiveCfg = Release|x64
		{690888BC-E519-4E38-A22D-EEDEB8700166}.Release|x64.Build.0 = Release|x64
		{690888BC-E519-4E38-A22D-EEDEB8700166}.Release|x86.ActiveCfg = Release|Win32
		{690888BC-E519-4E38-A22D-EEDEB8700166}.Release|x86.Build.0 = Release|Win32
	EndGlobalSection
	GlobalSection(SolutionProperties) = preSolution
		HideSolutionNode = FALSE
	EndGlobalSection
	GlobalSection(ExtensibilityGlobals) = postSolution
		SolutionGuid = {DFEA489A-7527-46F5-A511-71650816DCC3}
	EndGlobalSection
EndGlobal
