
Microsoft Visual Studio Solution File, Format Version 12.00
# Visual Studio Version 16
VisualStudioVersion = 16.0.29519.181
MinimumVisualStudioVersion = 10.0.40219.1
Project("{8BC9CEB8-8B4A-11D0-8D11-00A0C91BC942}") = "A1042", "PAT满分\PAT满分.vcxproj", "{378FEEC6-E906-4C59-A438-5084B37219B1}"
EndProject
Project("{8BC9CEB8-8B4A-11D0-8D11-00A0C91BC942}") = "A1010", "A1010\A1010.vcxproj", "{5E90D52C-E3AD-4B2D-A4EF-B710EEE02386}"
EndProject
Project("{8BC9CEB8-8B4A-11D0-8D11-00A0C91BC942}") = "A1010PITY", "A1010PITY\A1010PITY.vcxproj", "{669C3B03-3CBF-47C7-98D1-3F6B34CEC7A9}"
EndProject
Project("{8BC9CEB8-8B4A-11D0-8D11-00A0C91BC942}") = "A1001 A+B Format", "A1001 A+B Format\A1001 A+B Format.vcxproj", "{D2D370C4-D56A-4294-886D-7D40939FB8A3}"
EndProject
Project("{8BC9CEB8-8B4A-11D0-8D11-00A0C91BC942}") = "A1046 Shortest Distance (20分)", "1046 Shortest Distance (20分)\1046 Shortest Distance (20分).vcxproj", "{2BC282B3-B467-40EF-83E1-58BDEA2CFF95}"
EndProject
Project("{8BC9CEB8-8B4A-11D0-8D11-00A0C91BC942}") = "A1065 A+B and C (64bit) (20分)", "1065 A+B and C (64bit) (20分)\1065 A+B and C (64bit) (20分).vcxproj", "{89B8A8C3-D2E7-4FE2-89CC-C49DEABBF21B}"
EndProject
Project("{8BC9CEB8-8B4A-11D0-8D11-00A0C91BC942}") = "A1002 A+B for Polynomials (25分)", "1002 A+B for Polynomials (25分)\1002 A+B for Polynomials (25分).vcxproj", "{5A0BE14A-8716-4DEA-816E-2A0669594C25}"
EndProject
Project("{8BC9CEB8-8B4A-11D0-8D11-00A0C91BC942}") = "A1003 Emergency (25分)", "1003 Emergency (25分)\1003 Emergency (25分).vcxproj", "{AA32EDBE-1F61-49D3-A31F-A8A9308FD56F}"
EndProject
Project("{8BC9CEB8-8B4A-11D0-8D11-00A0C91BC942}") = "A1030 Travel Plan (30分)", "1030 Travel Plan (30分)\1030 Travel Plan (30分).vcxproj", "{1CB295AA-A41B-441B-9223-61444124B658}"
EndProject
Project("{8BC9CEB8-8B4A-11D0-8D11-00A0C91BC942}") = "A1029 Median (25分)", "A1029 Median (25分)\A1029 Median (25分).vcxproj", "{9BD80A6C-5056-4A02-B7A2-D91ED9D93CC1}"
EndProject
Project("{8BC9CEB8-8B4A-11D0-8D11-00A0C91BC942}") = "A1016 Phone Bills (25分)", "A1016 Phone Bills (25分)\A1016 Phone Bills (25分).vcxproj", "{82AE22A3-1DF4-489C-A88A-423E94170973}"
EndProject
Project("{8BC9CEB8-8B4A-11D0-8D11-00A0C91BC942}") = "A1028 List Sorting (25分)", "1028 List Sorting (25分)\1028 List Sorting (25分).vcxproj", "{39F299CF-0218-4423-9500-2E8AE692732F}"
EndProject
Project("{8BC9CEB8-8B4A-11D0-8D11-00A0C91BC942}") = "A1021 Deepest Root (25分)", "A1021 Deepest Root (25分)\A1021 Deepest Root (25分).vcxproj", "{EF30CA02-81EC-454F-9A46-A98BC2222ADC}"
EndProject
Project("{8BC9CEB8-8B4A-11D0-8D11-00A0C91BC942}") = "A1055 The World's Richest (25分)", "A1055 The World's Richest (25分)\A1055 The World's Richest (25分).vcxproj", "{9C5C65A5-B877-45AB-8C1C-1F0A49877DA6}"
EndProject
Project("{8BC9CEB8-8B4A-11D0-8D11-00A0C91BC942}") = "A1067 Sort with Swap(0, i) (25分)", "A1067 Sort with Swap(0, i) (25分)\A1067 Sort with Swap(0, i) (25分).vcxproj", "{690888BC-E519-4E38-A22D-EEDEB8700166}"
EndProject
Project("{8BC9CEB8-8B4A-11D0-8D11-00A0C91BC942}") = "A1074 Reversing Linked List (25分)", "A1074 Reversing Linked List (25分)\A1074 Reversing Linked List (25分).vcxproj", "{A2B356E6-1147-4CE7-AFAC-1DC5250C239D}"
EndProject
Project("{8BC9CEB8-8B4A-11D0-8D11-00A0C91BC942}") = "A1020 Tree Traversals (25point(s))", "A1020 Tree Traversals (25point(s))\A1020 Tree Traversals (25point(s)).vcxproj", "{AC451E05-C2AD-4EFC-8DC6-15BD20985EC8}"
EndProject
Project("{8BC9CEB8-8B4A-11D0-8D11-00A0C91BC942}") = "A1053 Path of Equal Weight (30point(s))", "A1053 Path of Equal Weight (30point(s))\A1053 Path of Equal Weight (30point(s)).vcxproj", "{6CDEF6DE-C385-4F4E-AEF9-83FCDB5D1911}"
EndProject
Project("{8BC9CEB8-8B4A-11D0-8D11-00A0C91BC942}") = "A1086 Tree Traversals Again (25分)", "A1086 Tree Traversals Again (25分)\A1086 Tree Traversals Again (25分).vcxproj", "{F8E859D5-D863-4D13-8CB5-3F12A1F8749F}"
EndProject
Project("{8BC9CEB8-8B4A-11D0-8D11-00A0C91BC942}") = "A1102 Invert a Binary Tree (25分)", "A1102 Invert a Binary Tree (25分)\A1102 Invert a Binary Tree (25分).vcxproj", "{17C8C1E2-636F-4067-A5E0-3A5E132A7239}"
EndProject
Project("{8BC9CEB8-8B4A-11D0-8D11-00A0C91BC942}") = "yufa", "yufa\yufa.vcxproj", "{5F895126-AEB1-4BC5-A2DD-116E658A2334}"
EndProject
Project("{8BC9CEB8-8B4A-11D0-8D11-00A0C91BC942}") = "A1079 Total Sales of Supply Chain (25分)", "A1079 Total Sales of Supply Chain (25分)\A1079 Total Sales of Supply Chain (25分).vcxproj", "{5DF44304-0330-4BE8-BE04-FE532DB5A9A2}"
EndProject
Project("{8BC9CEB8-8B4A-11D0-8D11-00A0C91BC942}") = "A1090 Highest Price in Supply Chain (25分)", "A1090 Highest Price in Supply Chain (25分)\A1090 Highest Price in Supply Chain (25分).vcxproj", "{5016F6A4-1D1A-43F1-BAD2-BD0A7DF5F101}"
EndProject
Project("{8BC9CEB8-8B4A-11D0-8D11-00A0C91BC942}") = "7-4 Structure of a Binary Tree (30分)", "7-4 Structure of a Binary Tree (30分)\7-4 Structure of a Binary Tree (30分).vcxproj", "{47003E22-9930-4DA9-907A-471EFB42C8D4}"
EndProject
Project("{8BC9CEB8-8B4A-11D0-8D11-00A0C91BC942}") = "7-3 Telefraud Detection (25分)", "7-3 Telefraud Detection (25分)\7-3 Telefraud Detection (25分).vcxproj", "{E30FB219-996F-4527-98BA-E52D4E6F1C2C}"
EndProject
Project("{8BC9CEB8-8B4A-11D0-8D11-00A0C91BC942}") = "B1007素数对猜想", "B1007\B1007.vcxproj", "{6BFDCC6F-20AC-472F-8974-6BB82F4D8E52}"
EndProject
Project("{8BC9CEB8-8B4A-11D0-8D11-00A0C91BC942}") = "B1013数素数", "B1013数素数\B1013数素数.vcxproj", "{60AC0756-0141-4F4D-BF22-95CADBF982EC}"
EndProject
Project("{8BC9CEB8-8B4A-11D0-8D11-00A0C91BC942}") = "A1015 Reversible Primes (20分)", "A1015 Reversible Primes (20分)\A1015 Reversible Primes (20分).vcxproj", "{8DE0B5BC-73B0-4A31-95E2-054AE51D46E6}"
EndProject
Project("{8BC9CEB8-8B4A-11D0-8D11-00A0C91BC942}") = "A1078 Hashing (25分)", "A1078 Hashing (25分)\A1078 Hashing (25分).vcxproj", "{988D3FD5-FE87-42EE-B4AF-373952C5BE63}"
EndProject
Project("{8BC9CEB8-8B4A-11D0-8D11-00A0C91BC942}") = "7-1 Sexy Primes (20分)", "7-1 Sexy Primes (20分)\7-1 Sexy Primes (20分).vcxproj", "{560A798F-A02D-4C68-801B-B90A8068A921}"
EndProject
Project("{8BC9CEB8-8B4A-11D0-8D11-00A0C91BC942}") = "7-2 Anniversary (25分)", "7-2 Anniversary (25分)\7-2 Anniversary (25分).vcxproj", "{70E7689A-17C9-4B9C-BA85-4F7178F47CD2}"
EndProject
Project("{8BC9CEB8-8B4A-11D0-8D11-00A0C91BC942}") = "A1096 Consecutive Factors (20分)", "A1096 Consecutive Factors (20分)\A1096 Consecutive Factors (20分).vcxproj", "{98A654C1-DF0B-486B-9F60-24CFA53C5BD6}"
EndProject
Project("{8BC9CEB8-8B4A-11D0-8D11-00A0C91BC942}") = "A1059 Prime Factors (25分)", "A1059 Prime Factors (25分)\A1059 Prime Factors (25分).vcxproj", "{BF6366F3-3CED-4EE9-A802-A31A0E94EAA3}"
EndProject
Project("{8BC9CEB8-8B4A-11D0-8D11-00A0C91BC942}") = "B1017", "B1017\B1017.vcxproj", "{E983F3B7-157E-4896-BF02-48422969C997}"
EndProject
Project("{8BC9CEB8-8B4A-11D0-8D11-00A0C91BC942}") = "A1023 Have Fun with Numbers (20分)", "A1023 Have Fun with Numbers (20分)\A1023 Have Fun with Numbers (20分).vcxproj", "{7B213534-513F-4C9E-8905-A12E4B457B52}"
EndProject
Project("{8BC9CEB8-8B4A-11D0-8D11-00A0C91BC942}") = "A1024 Palindromic Number (25分)", "A1024 Palindromic Number (25分)\A1024 Palindromic Number (25分).vcxproj", "{2B013657-7BE1-4368-9F87-13A3675A06D5}"
EndProject
Project("{8BC9CEB8-8B4A-11D0-8D11-00A0C91BC942}") = "A1071 Speech Patterns (25分)", "A1071\A1071.vcxproj", "{39EBEE90-8BC9-4704-A877-DBA2EF096F3F}"
EndProject
Global
	GlobalSection(SolutionConfigurationPlatforms) = preSolution
		Debug|x64 = Debug|x64
		Debug|x86 = Debug|x86
		Release|x64 = Release|x64
		Release|x86 = Release|x86
	EndGlobalSection
	GlobalSection(ProjectConfigurationPlatforms) = postSolution
		{378FEEC6-E906-4C59-A438-5084B37219B1}.Debug|x64.ActiveCfg = Debug|x64
		{378FEEC6-E906-4C59-A438-5084B37219B1}.Debug|x64.Build.0 = Debug|x64
		{378FEEC6-E906-4C59-A438-5084B37219B1}.Debug|x86.ActiveCfg = Debug|Win32
		{378FEEC6-E906-4C59-A438-5084B37219B1}.Debug|x86.Build.0 = Debug|Win32
		{378FEEC6-E906-4C59-A438-5084B37219B1}.Release|x64.ActiveCfg = Release|x64
		{378FEEC6-E906-4C59-A438-5084B37219B1}.Release|x64.Build.0 = Release|x64
		{378FEEC6-E906-4C59-A438-5084B37219B1}.Release|x86.ActiveCfg = Release|Win32
		{378FEEC6-E906-4C59-A438-5084B37219B1}.Release|x86.Build.0 = Release|Win32
		{5E90D52C-E3AD-4B2D-A4EF-B710EEE02386}.Debug|x64.ActiveCfg = Debug|x64
		{5E90D52C-E3AD-4B2D-A4EF-B710EEE02386}.Debug|x64.Build.0 = Debug|x64
		{5E90D52C-E3AD-4B2D-A4EF-B710EEE02386}.Debug|x86.ActiveCfg = Debug|Win32
		{5E90D52C-E3AD-4B2D-A4EF-B710EEE02386}.Debug|x86.Build.0 = Debug|Win32
		{5E90D52C-E3AD-4B2D-A4EF-B710EEE02386}.Release|x64.ActiveCfg = Release|x64
		{5E90D52C-E3AD-4B2D-A4EF-B710EEE02386}.Release|x64.Build.0 = Release|x64
		{5E90D52C-E3AD-4B2D-A4EF-B710EEE02386}.Release|x86.ActiveCfg = Release|Win32
		{5E90D52C-E3AD-4B2D-A4EF-B710EEE02386}.Release|x86.Build.0 = Release|Win32
		{669C3B03-3CBF-47C7-98D1-3F6B34CEC7A9}.Debug|x64.ActiveCfg = Debug|x64
		{669C3B03-3CBF-47C7-98D1-3F6B34CEC7A9}.Debug|x64.Build.0 = Debug|x64
		{669C3B03-3CBF-47C7-98D1-3F6B34CEC7A9}.Debug|x86.ActiveCfg = Debug|Win32
		{669C3B03-3CBF-47C7-98D1-3F6B34CEC7A9}.Debug|x86.Build.0 = Debug|Win32
		{669C3B03-3CBF-47C7-98D1-3F6B34CEC7A9}.Release|x64.ActiveCfg = Release|x64
		{669C3B03-3CBF-47C7-98D1-3F6B34CEC7A9}.Release|x64.Build.0 = Release|x64
		{669C3B03-3CBF-47C7-98D1-3F6B34CEC7A9}.Release|x86.ActiveCfg = Release|Win32
		{669C3B03-3CBF-47C7-98D1-3F6B34CEC7A9}.Release|x86.Build.0 = Release|Win32
		{D2D370C4-D56A-4294-886D-7D40939FB8A3}.Debug|x64.ActiveCfg = Debug|x64
		{D2D370C4-D56A-4294-886D-7D40939FB8A3}.Debug|x64.Build.0 = Debug|x64
		{D2D370C4-D56A-4294-886D-7D40939FB8A3}.Debug|x86.ActiveCfg = Debug|Win32
		{D2D370C4-D56A-4294-886D-7D40939FB8A3}.Debug|x86.Build.0 = Debug|Win32
		{D2D370C4-D56A-4294-886D-7D40939FB8A3}.Release|x64.ActiveCfg = Release|x64
		{D2D370C4-D56A-4294-886D-7D40939FB8A3}.Release|x64.Build.0 = Release|x64
		{D2D370C4-D56A-4294-886D-7D40939FB8A3}.Release|x86.ActiveCfg = Release|Win32
		{D2D370C4-D56A-4294-886D-7D40939FB8A3}.Release|x86.Build.0 = Release|Win32
		{2BC282B3-B467-40EF-83E1-58BDEA2CFF95}.Debug|x64.ActiveCfg = Debug|x64
		{2BC282B3-B467-40EF-83E1-58BDEA2CFF95}.Debug|x64.Build.0 = Debug|x64
		{2BC282B3-B467-40EF-83E1-58BDEA2CFF95}.Debug|x86.ActiveCfg = Debug|Win32
		{2BC282B3-B467-40EF-83E1-58BDEA2CFF95}.Debug|x86.Build.0 = Debug|Win32
		{2BC282B3-B467-40EF-83E1-58BDEA2CFF95}.Release|x64.ActiveCfg = Release|x64
		{2BC282B3-B467-40EF-83E1-58BDEA2CFF95}.Release|x64.Build.0 = Release|x64
		{2BC282B3-B467-40EF-83E1-58BDEA2CFF95}.Release|x86.ActiveCfg = Release|Win32
		{2BC282B3-B467-40EF-83E1-58BDEA2CFF95}.Release|x86.Build.0 = Release|Win32
		{89B8A8C3-D2E7-4FE2-89CC-C49DEABBF21B}.Debug|x64.ActiveCfg = Debug|x64
		{89B8A8C3-D2E7-4FE2-89CC-C49DEABBF21B}.Debug|x64.Build.0 = Debug|x64
		{89B8A8C3-D2E7-4FE2-89CC-C49DEABBF21B}.Debug|x86.ActiveCfg = Debug|Win32
		{89B8A8C3-D2E7-4FE2-89CC-C49DEABBF21B}.Debug|x86.Build.0 = Debug|Win32
		{89B8A8C3-D2E7-4FE2-89CC-C49DEABBF21B}.Release|x64.ActiveCfg = Release|x64
		{89B8A8C3-D2E7-4FE2-89CC-C49DEABBF21B}.Release|x64.Build.0 = Release|x64
		{89B8A8C3-D2E7-4FE2-89CC-C49DEABBF21B}.Release|x86.ActiveCfg = Release|Win32
		{89B8A8C3-D2E7-4FE2-89CC-C49DEABBF21B}.Release|x86.Build.0 = Release|Win32
		{5A0BE14A-8716-4DEA-816E-2A0669594C25}.Debug|x64.ActiveCfg = Debug|x64
		{5A0BE14A-8716-4DEA-816E-2A0669594C25}.Debug|x64.Build.0 = Debug|x64
		{5A0BE14A-8716-4DEA-816E-2A0669594C25}.Debug|x86.ActiveCfg = Debug|Win32
		{5A0BE14A-8716-4DEA-816E-2A0669594C25}.Debug|x86.Build.0 = Debug|Win32
		{5A0BE14A-8716-4DEA-816E-2A0669594C25}.Release|x64.ActiveCfg = Release|x64
		{5A0BE14A-8716-4DEA-816E-2A0669594C25}.Release|x64.Build.0 = Release|x64
		{5A0BE14A-8716-4DEA-816E-2A0669594C25}.Release|x86.ActiveCfg = Release|Win32
		{5A0BE14A-8716-4DEA-816E-2A0669594C25}.Release|x86.Build.0 = Release|Win32
		{AA32EDBE-1F61-49D3-A31F-A8A9308FD56F}.Debug|x64.ActiveCfg = Debug|x64
		{AA32EDBE-1F61-49D3-A31F-A8A9308FD56F}.Debug|x64.Build.0 = Debug|x64
		{AA32EDBE-1F61-49D3-A31F-A8A9308FD56F}.Debug|x86.ActiveCfg = Debug|Win32
		{AA32EDBE-1F61-49D3-A31F-A8A9308FD56F}.Debug|x86.Build.0 = Debug|Win32
		{AA32EDBE-1F61-49D3-A31F-A8A9308FD56F}.Release|x64.ActiveCfg = Release|x64
		{AA32EDBE-1F61-49D3-A31F-A8A9308FD56F}.Release|x64.Build.0 = Release|x64
		{AA32EDBE-1F61-49D3-A31F-A8A9308FD56F}.Release|x86.ActiveCfg = Release|Win32
		{AA32EDBE-1F61-49D3-A31F-A8A9308FD56F}.Release|x86.Build.0 = Release|Win32
		{1CB295AA-A41B-441B-9223-61444124B658}.Debug|x64.ActiveCfg = Debug|x64
		{1CB295AA-A41B-441B-9223-61444124B658}.Debug|x64.Build.0 = Debug|x64
		{1CB295AA-A41B-441B-9223-61444124B658}.Debug|x86.ActiveCfg = Debug|Win32
		{1CB295AA-A41B-441B-9223-61444124B658}.Debug|x86.Build.0 = Debug|Win32
		{1CB295AA-A41B-441B-9223-61444124B658}.Release|x64.ActiveCfg = Release|x64
		{1CB295AA-A41B-441B-9223-61444124B658}.Release|x64.Build.0 = Release|x64
		{1CB295AA-A41B-441B-9223-61444124B658}.Release|x86.ActiveCfg = Release|Win32
		{1CB295AA-A41B-441B-9223-61444124B658}.Release|x86.Build.0 = Release|Win32
		{9BD80A6C-5056-4A02-B7A2-D91ED9D93CC1}.Debug|x64.ActiveCfg = Debug|x64
		{9BD80A6C-5056-4A02-B7A2-D91ED9D93CC1}.Debug|x64.Build.0 = Debug|x64
		{9BD80A6C-5056-4A02-B7A2-D91ED9D93CC1}.Debug|x86.ActiveCfg = Debug|Win32
		{9BD80A6C-5056-4A02-B7A2-D91ED9D93CC1}.Debug|x86.Build.0 = Debug|Win32
		{9BD80A6C-5056-4A02-B7A2-D91ED9D93CC1}.Release|x64.ActiveCfg = Release|x64
		{9BD80A6C-5056-4A02-B7A2-D91ED9D93CC1}.Release|x64.Build.0 = Release|x64
		{9BD80A6C-5056-4A02-B7A2-D91ED9D93CC1}.Release|x86.ActiveCfg = Release|Win32
		{9BD80A6C-5056-4A02-B7A2-D91ED9D93CC1}.Release|x86.Build.0 = Release|Win32
		{82AE22A3-1DF4-489C-A88A-423E94170973}.Debug|x64.ActiveCfg = Debug|x64
		{82AE22A3-1DF4-489C-A88A-423E94170973}.Debug|x64.Build.0 = Debug|x64
		{82AE22A3-1DF4-489C-A88A-423E94170973}.Debug|x86.ActiveCfg = Debug|Win32
		{82AE22A3-1DF4-489C-A88A-423E94170973}.Debug|x86.Build.0 = Debug|Win32
		{82AE22A3-1DF4-489C-A88A-423E94170973}.Release|x64.ActiveCfg = Release|x64
		{82AE22A3-1DF4-489C-A88A-423E94170973}.Release|x64.Build.0 = Release|x64
		{82AE22A3-1DF4-489C-A88A-423E94170973}.Release|x86.ActiveCfg = Release|Win32
		{82AE22A3-1DF4-489C-A88A-423E94170973}.Release|x86.Build.0 = Release|Win32
		{39F299CF-0218-4423-9500-2E8AE692732F}.Debug|x64.ActiveCfg = Debug|x64
		{39F299CF-0218-4423-9500-2E8AE692732F}.Debug|x64.Build.0 = Debug|x64
		{39F299CF-0218-4423-9500-2E8AE692732F}.Debug|x86.ActiveCfg = Debug|Win32
		{39F299CF-0218-4423-9500-2E8AE692732F}.Debug|x86.Build.0 = Debug|Win32
		{39F299CF-0218-4423-9500-2E8AE692732F}.Release|x64.ActiveCfg = Release|x64
		{39F299CF-0218-4423-9500-2E8AE692732F}.Release|x64.Build.0 = Release|x64
		{39F299CF-0218-4423-9500-2E8AE692732F}.Release|x86.ActiveCfg = Release|Win32
		{39F299CF-0218-4423-9500-2E8AE692732F}.Release|x86.Build.0 = Release|Win32
		{EF30CA02-81EC-454F-9A46-A98BC2222ADC}.Debug|x64.ActiveCfg = Debug|x64
		{EF30CA02-81EC-454F-9A46-A98BC2222ADC}.Debug|x64.Build.0 = Debug|x64
		{EF30CA02-81EC-454F-9A46-A98BC2222ADC}.Debug|x86.ActiveCfg = Debug|Win32
		{EF30CA02-81EC-454F-9A46-A98BC2222ADC}.Debug|x86.Build.0 = Debug|Win32
		{EF30CA02-81EC-454F-9A46-A98BC2222ADC}.Release|x64.ActiveCfg = Release|x64
		{EF30CA02-81EC-454F-9A46-A98BC2222ADC}.Release|x64.Build.0 = Release|x64
		{EF30CA02-81EC-454F-9A46-A98BC2222ADC}.Release|x86.ActiveCfg = Release|Win32
		{EF30CA02-81EC-454F-9A46-A98BC2222ADC}.Release|x86.Build.0 = Release|Win32
		{9C5C65A5-B877-45AB-8C1C-1F0A49877DA6}.Debug|x64.ActiveCfg = Debug|x64
		{9C5C65A5-B877-45AB-8C1C-1F0A49877DA6}.Debug|x64.Build.0 = Debug|x64
		{9C5C65A5-B877-45AB-8C1C-1F0A49877DA6}.Debug|x86.ActiveCfg = Debug|Win32
		{9C5C65A5-B877-45AB-8C1C-1F0A49877DA6}.Debug|x86.Build.0 = Debug|Win32
		{9C5C65A5-B877-45AB-8C1C-1F0A49877DA6}.Release|x64.ActiveCfg = Release|x64
		{9C5C65A5-B877-45AB-8C1C-1F0A49877DA6}.Release|x64.Build.0 = Release|x64
		{9C5C65A5-B877-45AB-8C1C-1F0A49877DA6}.Release|x86.ActiveCfg = Release|Win32
		{9C5C65A5-B877-45AB-8C1C-1F0A49877DA6}.Release|x86.Build.0 = Release|Win32
		{690888BC-E519-4E38-A22D-EEDEB8700166}.Debug|x64.ActiveCfg = Debug|x64
		{690888BC-E519-4E38-A22D-EEDEB8700166}.Debug|x64.Build.0 = Debug|x64
		{690888BC-E519-4E38-A22D-EEDEB8700166}.Debug|x86.ActiveCfg = Debug|Win32
		{690888BC-E519-4E38-A22D-EEDEB8700166}.Debug|x86.Build.0 = Debug|Win32
		{690888BC-E519-4E38-A22D-EEDEB8700166}.Release|x64.ActiveCfg = Release|x64
		{690888BC-E519-4E38-A22D-EEDEB8700166}.Release|x64.Build.0 = Release|x64
		{690888BC-E519-4E38-A22D-EEDEB8700166}.Release|x86.ActiveCfg = Release|Win32
		{690888BC-E519-4E38-A22D-EEDEB8700166}.Release|x86.Build.0 = Release|Win32
		{A2B356E6-1147-4CE7-AFAC-1DC5250C239D}.Debug|x64.ActiveCfg = Debug|x64
		{A2B356E6-1147-4CE7-AFAC-1DC5250C239D}.Debug|x64.Build.0 = Debug|x64
		{A2B356E6-1147-4CE7-AFAC-1DC5250C239D}.Debug|x86.ActiveCfg = Debug|Win32
		{A2B356E6-1147-4CE7-AFAC-1DC5250C239D}.Debug|x86.Build.0 = Debug|Win32
		{A2B356E6-1147-4CE7-AFAC-1DC5250C239D}.Release|x64.ActiveCfg = Release|x64
		{A2B356E6-1147-4CE7-AFAC-1DC5250C239D}.Release|x64.Build.0 = Release|x64
		{A2B356E6-1147-4CE7-AFAC-1DC5250C239D}.Release|x86.ActiveCfg = Release|Win32
		{A2B356E6-1147-4CE7-AFAC-1DC5250C239D}.Release|x86.Build.0 = Release|Win32
		{AC451E05-C2AD-4EFC-8DC6-15BD20985EC8}.Debug|x64.ActiveCfg = Debug|x64
		{AC451E05-C2AD-4EFC-8DC6-15BD20985EC8}.Debug|x64.Build.0 = Debug|x64
		{AC451E05-C2AD-4EFC-8DC6-15BD20985EC8}.Debug|x86.ActiveCfg = Debug|Win32
		{AC451E05-C2AD-4EFC-8DC6-15BD20985EC8}.Debug|x86.Build.0 = Debug|Win32
		{AC451E05-C2AD-4EFC-8DC6-15BD20985EC8}.Release|x64.ActiveCfg = Release|x64
		{AC451E05-C2AD-4EFC-8DC6-15BD20985EC8}.Release|x64.Build.0 = Release|x64
		{AC451E05-C2AD-4EFC-8DC6-15BD20985EC8}.Release|x86.ActiveCfg = Release|Win32
		{AC451E05-C2AD-4EFC-8DC6-15BD20985EC8}.Release|x86.Build.0 = Release|Win32
		{6CDEF6DE-C385-4F4E-AEF9-83FCDB5D1911}.Debug|x64.ActiveCfg = Debug|x64
		{6CDEF6DE-C385-4F4E-AEF9-83FCDB5D1911}.Debug|x64.Build.0 = Debug|x64
		{6CDEF6DE-C385-4F4E-AEF9-83FCDB5D1911}.Debug|x86.ActiveCfg = Debug|Win32
		{6CDEF6DE-C385-4F4E-AEF9-83FCDB5D1911}.Debug|x86.Build.0 = Debug|Win32
		{6CDEF6DE-C385-4F4E-AEF9-83FCDB5D1911}.Release|x64.ActiveCfg = Release|x64
		{6CDEF6DE-C385-4F4E-AEF9-83FCDB5D1911}.Release|x64.Build.0 = Release|x64
		{6CDEF6DE-C385-4F4E-AEF9-83FCDB5D1911}.Release|x86.ActiveCfg = Release|Win32
		{6CDEF6DE-C385-4F4E-AEF9-83FCDB5D1911}.Release|x86.Build.0 = Release|Win32
		{F8E859D5-D863-4D13-8CB5-3F12A1F8749F}.Debug|x64.ActiveCfg = Debug|x64
		{F8E859D5-D863-4D13-8CB5-3F12A1F8749F}.Debug|x64.Build.0 = Debug|x64
		{F8E859D5-D863-4D13-8CB5-3F12A1F8749F}.Debug|x86.ActiveCfg = Debug|Win32
		{F8E859D5-D863-4D13-8CB5-3F12A1F8749F}.Debug|x86.Build.0 = Debug|Win32
		{F8E859D5-D863-4D13-8CB5-3F12A1F8749F}.Release|x64.ActiveCfg = Release|x64
		{F8E859D5-D863-4D13-8CB5-3F12A1F8749F}.Release|x64.Build.0 = Release|x64
		{F8E859D5-D863-4D13-8CB5-3F12A1F8749F}.Release|x86.ActiveCfg = Release|Win32
		{F8E859D5-D863-4D13-8CB5-3F12A1F8749F}.Release|x86.Build.0 = Release|Win32
		{17C8C1E2-636F-4067-A5E0-3A5E132A7239}.Debug|x64.ActiveCfg = Debug|x64
		{17C8C1E2-636F-4067-A5E0-3A5E132A7239}.Debug|x64.Build.0 = Debug|x64
		{17C8C1E2-636F-4067-A5E0-3A5E132A7239}.Debug|x86.ActiveCfg = Debug|Win32
		{17C8C1E2-636F-4067-A5E0-3A5E132A7239}.Debug|x86.Build.0 = Debug|Win32
		{17C8C1E2-636F-4067-A5E0-3A5E132A7239}.Release|x64.ActiveCfg = Release|x64
		{17C8C1E2-636F-4067-A5E0-3A5E132A7239}.Release|x64.Build.0 = Release|x64
		{17C8C1E2-636F-4067-A5E0-3A5E132A7239}.Release|x86.ActiveCfg = Release|Win32
		{17C8C1E2-636F-4067-A5E0-3A5E132A7239}.Release|x86.Build.0 = Release|Win32
		{5F895126-AEB1-4BC5-A2DD-116E658A2334}.Debug|x64.ActiveCfg = Debug|x64
		{5F895126-AEB1-4BC5-A2DD-116E658A2334}.Debug|x64.Build.0 = Debug|x64
		{5F895126-AEB1-4BC5-A2DD-116E658A2334}.Debug|x86.ActiveCfg = Debug|Win32
		{5F895126-AEB1-4BC5-A2DD-116E658A2334}.Debug|x86.Build.0 = Debug|Win32
		{5F895126-AEB1-4BC5-A2DD-116E658A2334}.Release|x64.ActiveCfg = Release|x64
		{5F895126-AEB1-4BC5-A2DD-116E658A2334}.Release|x64.Build.0 = Release|x64
		{5F895126-AEB1-4BC5-A2DD-116E658A2334}.Release|x86.ActiveCfg = Release|Win32
		{5F895126-AEB1-4BC5-A2DD-116E658A2334}.Release|x86.Build.0 = Release|Win32
		{5DF44304-0330-4BE8-BE04-FE532DB5A9A2}.Debug|x64.ActiveCfg = Debug|x64
		{5DF44304-0330-4BE8-BE04-FE532DB5A9A2}.Debug|x64.Build.0 = Debug|x64
		{5DF44304-0330-4BE8-BE04-FE532DB5A9A2}.Debug|x86.ActiveCfg = Debug|Win32
		{5DF44304-0330-4BE8-BE04-FE532DB5A9A2}.Debug|x86.Build.0 = Debug|Win32
		{5DF44304-0330-4BE8-BE04-FE532DB5A9A2}.Release|x64.ActiveCfg = Release|x64
		{5DF44304-0330-4BE8-BE04-FE532DB5A9A2}.Release|x64.Build.0 = Release|x64
		{5DF44304-0330-4BE8-BE04-FE532DB5A9A2}.Release|x86.ActiveCfg = Release|Win32
		{5DF44304-0330-4BE8-BE04-FE532DB5A9A2}.Release|x86.Build.0 = Release|Win32
		{5016F6A4-1D1A-43F1-BAD2-BD0A7DF5F101}.Debug|x64.ActiveCfg = Debug|x64
		{5016F6A4-1D1A-43F1-BAD2-BD0A7DF5F101}.Debug|x64.Build.0 = Debug|x64
		{5016F6A4-1D1A-43F1-BAD2-BD0A7DF5F101}.Debug|x86.ActiveCfg = Debug|Win32
		{5016F6A4-1D1A-43F1-BAD2-BD0A7DF5F101}.Debug|x86.Build.0 = Debug|Win32
		{5016F6A4-1D1A-43F1-BAD2-BD0A7DF5F101}.Release|x64.ActiveCfg = Release|x64
		{5016F6A4-1D1A-43F1-BAD2-BD0A7DF5F101}.Release|x64.Build.0 = Release|x64
		{5016F6A4-1D1A-43F1-BAD2-BD0A7DF5F101}.Release|x86.ActiveCfg = Release|Win32
		{5016F6A4-1D1A-43F1-BAD2-BD0A7DF5F101}.Release|x86.Build.0 = Release|Win32
		{47003E22-9930-4DA9-907A-471EFB42C8D4}.Debug|x64.ActiveCfg = Debug|x64
		{47003E22-9930-4DA9-907A-471EFB42C8D4}.Debug|x64.Build.0 = Debug|x64
		{47003E22-9930-4DA9-907A-471EFB42C8D4}.Debug|x86.ActiveCfg = Debug|Win32
		{47003E22-9930-4DA9-907A-471EFB42C8D4}.Debug|x86.Build.0 = Debug|Win32
		{47003E22-9930-4DA9-907A-471EFB42C8D4}.Release|x64.ActiveCfg = Release|x64
		{47003E22-9930-4DA9-907A-471EFB42C8D4}.Release|x64.Build.0 = Release|x64
		{47003E22-9930-4DA9-907A-471EFB42C8D4}.Release|x86.ActiveCfg = Release|Win32
		{47003E22-9930-4DA9-907A-471EFB42C8D4}.Release|x86.Build.0 = Release|Win32
		{E30FB219-996F-4527-98BA-E52D4E6F1C2C}.Debug|x64.ActiveCfg = Debug|x64
		{E30FB219-996F-4527-98BA-E52D4E6F1C2C}.Debug|x64.Build.0 = Debug|x64
		{E30FB219-996F-4527-98BA-E52D4E6F1C2C}.Debug|x86.ActiveCfg = Debug|Win32
		{E30FB219-996F-4527-98BA-E52D4E6F1C2C}.Debug|x86.Build.0 = Debug|Win32
		{E30FB219-996F-4527-98BA-E52D4E6F1C2C}.Release|x64.ActiveCfg = Release|x64
		{E30FB219-996F-4527-98BA-E52D4E6F1C2C}.Release|x64.Build.0 = Release|x64
		{E30FB219-996F-4527-98BA-E52D4E6F1C2C}.Release|x86.ActiveCfg = Release|Win32
		{E30FB219-996F-4527-98BA-E52D4E6F1C2C}.Release|x86.Build.0 = Release|Win32
		{6BFDCC6F-20AC-472F-8974-6BB82F4D8E52}.Debug|x64.ActiveCfg = Debug|x64
		{6BFDCC6F-20AC-472F-8974-6BB82F4D8E52}.Debug|x64.Build.0 = Debug|x64
		{6BFDCC6F-20AC-472F-8974-6BB82F4D8E52}.Debug|x86.ActiveCfg = Debug|Win32
		{6BFDCC6F-20AC-472F-8974-6BB82F4D8E52}.Debug|x86.Build.0 = Debug|Win32
		{6BFDCC6F-20AC-472F-8974-6BB82F4D8E52}.Release|x64.ActiveCfg = Release|x64
		{6BFDCC6F-20AC-472F-8974-6BB82F4D8E52}.Release|x64.Build.0 = Release|x64
		{6BFDCC6F-20AC-472F-8974-6BB82F4D8E52}.Release|x86.ActiveCfg = Release|Win32
		{6BFDCC6F-20AC-472F-8974-6BB82F4D8E52}.Release|x86.Build.0 = Release|Win32
		{60AC0756-0141-4F4D-BF22-95CADBF982EC}.Debug|x64.ActiveCfg = Debug|x64
		{60AC0756-0141-4F4D-BF22-95CADBF982EC}.Debug|x64.Build.0 = Debug|x64
		{60AC0756-0141-4F4D-BF22-95CADBF982EC}.Debug|x86.ActiveCfg = Debug|Win32
		{60AC0756-0141-4F4D-BF22-95CADBF982EC}.Debug|x86.Build.0 = Debug|Win32
		{60AC0756-0141-4F4D-BF22-95CADBF982EC}.Release|x64.ActiveCfg = Release|x64
		{60AC0756-0141-4F4D-BF22-95CADBF982EC}.Release|x64.Build.0 = Release|x64
		{60AC0756-0141-4F4D-BF22-95CADBF982EC}.Release|x86.ActiveCfg = Release|Win32
		{60AC0756-0141-4F4D-BF22-95CADBF982EC}.Release|x86.Build.0 = Release|Win32
		{8DE0B5BC-73B0-4A31-95E2-054AE51D46E6}.Debug|x64.ActiveCfg = Debug|x64
		{8DE0B5BC-73B0-4A31-95E2-054AE51D46E6}.Debug|x64.Build.0 = Debug|x64
		{8DE0B5BC-73B0-4A31-95E2-054AE51D46E6}.Debug|x86.ActiveCfg = Debug|Win32
		{8DE0B5BC-73B0-4A31-95E2-054AE51D46E6}.Debug|x86.Build.0 = Debug|Win32
		{8DE0B5BC-73B0-4A31-95E2-054AE51D46E6}.Release|x64.ActiveCfg = Release|x64
		{8DE0B5BC-73B0-4A31-95E2-054AE51D46E6}.Release|x64.Build.0 = Release|x64
		{8DE0B5BC-73B0-4A31-95E2-054AE51D46E6}.Release|x86.ActiveCfg = Release|Win32
		{8DE0B5BC-73B0-4A31-95E2-054AE51D46E6}.Release|x86.Build.0 = Release|Win32
		{988D3FD5-FE87-42EE-B4AF-373952C5BE63}.Debug|x64.ActiveCfg = Debug|x64
		{988D3FD5-FE87-42EE-B4AF-373952C5BE63}.Debug|x64.Build.0 = Debug|x64
		{988D3FD5-FE87-42EE-B4AF-373952C5BE63}.Debug|x86.ActiveCfg = Debug|Win32
		{988D3FD5-FE87-42EE-B4AF-373952C5BE63}.Debug|x86.Build.0 = Debug|Win32
		{988D3FD5-FE87-42EE-B4AF-373952C5BE63}.Release|x64.ActiveCfg = Release|x64
		{988D3FD5-FE87-42EE-B4AF-373952C5BE63}.Release|x64.Build.0 = Release|x64
		{988D3FD5-FE87-42EE-B4AF-373952C5BE63}.Release|x86.ActiveCfg = Release|Win32
		{988D3FD5-FE87-42EE-B4AF-373952C5BE63}.Release|x86.Build.0 = Release|Win32
		{560A798F-A02D-4C68-801B-B90A8068A921}.Debug|x64.ActiveCfg = Debug|x64
		{560A798F-A02D-4C68-801B-B90A8068A921}.Debug|x64.Build.0 = Debug|x64
		{560A798F-A02D-4C68-801B-B90A8068A921}.Debug|x86.ActiveCfg = Debug|Win32
		{560A798F-A02D-4C68-801B-B90A8068A921}.Debug|x86.Build.0 = Debug|Win32
		{560A798F-A02D-4C68-801B-B90A8068A921}.Release|x64.ActiveCfg = Release|x64
		{560A798F-A02D-4C68-801B-B90A8068A921}.Release|x64.Build.0 = Release|x64
		{560A798F-A02D-4C68-801B-B90A8068A921}.Release|x86.ActiveCfg = Release|Win32
		{560A798F-A02D-4C68-801B-B90A8068A921}.Release|x86.Build.0 = Release|Win32
		{70E7689A-17C9-4B9C-BA85-4F7178F47CD2}.Debug|x64.ActiveCfg = Debug|x64
		{70E7689A-17C9-4B9C-BA85-4F7178F47CD2}.Debug|x64.Build.0 = Debug|x64
		{70E7689A-17C9-4B9C-BA85-4F7178F47CD2}.Debug|x86.ActiveCfg = Debug|Win32
		{70E7689A-17C9-4B9C-BA85-4F7178F47CD2}.Debug|x86.Build.0 = Debug|Win32
		{70E7689A-17C9-4B9C-BA85-4F7178F47CD2}.Release|x64.ActiveCfg = Release|x64
		{70E7689A-17C9-4B9C-BA85-4F7178F47CD2}.Release|x64.Build.0 = Release|x64
		{70E7689A-17C9-4B9C-BA85-4F7178F47CD2}.Release|x86.ActiveCfg = Release|Win32
		{70E7689A-17C9-4B9C-BA85-4F7178F47CD2}.Release|x86.Build.0 = Release|Win32
		{98A654C1-DF0B-486B-9F60-24CFA53C5BD6}.Debug|x64.ActiveCfg = Debug|x64
		{98A654C1-DF0B-486B-9F60-24CFA53C5BD6}.Debug|x64.Build.0 = Debug|x64
		{98A654C1-DF0B-486B-9F60-24CFA53C5BD6}.Debug|x86.ActiveCfg = Debug|Win32
		{98A654C1-DF0B-486B-9F60-24CFA53C5BD6}.Debug|x86.Build.0 = Debug|Win32
		{98A654C1-DF0B-486B-9F60-24CFA53C5BD6}.Release|x64.ActiveCfg = Release|x64
		{98A654C1-DF0B-486B-9F60-24CFA53C5BD6}.Release|x64.Build.0 = Release|x64
		{98A654C1-DF0B-486B-9F60-24CFA53C5BD6}.Release|x86.ActiveCfg = Release|Win32
		{98A654C1-DF0B-486B-9F60-24CFA53C5BD6}.Release|x86.Build.0 = Release|Win32
		{BF6366F3-3CED-4EE9-A802-A31A0E94EAA3}.Debug|x64.ActiveCfg = Debug|x64
		{BF6366F3-3CED-4EE9-A802-A31A0E94EAA3}.Debug|x64.Build.0 = Debug|x64
		{BF6366F3-3CED-4EE9-A802-A31A0E94EAA3}.Debug|x86.ActiveCfg = Debug|Win32
		{BF6366F3-3CED-4EE9-A802-A31A0E94EAA3}.Debug|x86.Build.0 = Debug|Win32
		{BF6366F3-3CED-4EE9-A802-A31A0E94EAA3}.Release|x64.ActiveCfg = Release|x64
		{BF6366F3-3CED-4EE9-A802-A31A0E94EAA3}.Release|x64.Build.0 = Release|x64
		{BF6366F3-3CED-4EE9-A802-A31A0E94EAA3}.Release|x86.ActiveCfg = Release|Win32
		{BF6366F3-3CED-4EE9-A802-A31A0E94EAA3}.Release|x86.Build.0 = Release|Win32
		{E983F3B7-157E-4896-BF02-48422969C997}.Debug|x64.ActiveCfg = Debug|x64
		{E983F3B7-157E-4896-BF02-48422969C997}.Debug|x64.Build.0 = Debug|x64
		{E983F3B7-157E-4896-BF02-48422969C997}.Debug|x86.ActiveCfg = Debug|Win32
		{E983F3B7-157E-4896-BF02-48422969C997}.Debug|x86.Build.0 = Debug|Win32
		{E983F3B7-157E-4896-BF02-48422969C997}.Release|x64.ActiveCfg = Release|x64
		{E983F3B7-157E-4896-BF02-48422969C997}.Release|x64.Build.0 = Release|x64
		{E983F3B7-157E-4896-BF02-48422969C997}.Release|x86.ActiveCfg = Release|Win32
		{E983F3B7-157E-4896-BF02-48422969C997}.Release|x86.Build.0 = Release|Win32
		{7B213534-513F-4C9E-8905-A12E4B457B52}.Debug|x64.ActiveCfg = Debug|x64
		{7B213534-513F-4C9E-8905-A12E4B457B52}.Debug|x64.Build.0 = Debug|x64
		{7B213534-513F-4C9E-8905-A12E4B457B52}.Debug|x86.ActiveCfg = Debug|Win32
		{7B213534-513F-4C9E-8905-A12E4B457B52}.Debug|x86.Build.0 = Debug|Win32
		{7B213534-513F-4C9E-8905-A12E4B457B52}.Release|x64.ActiveCfg = Release|x64
		{7B213534-513F-4C9E-8905-A12E4B457B52}.Release|x64.Build.0 = Release|x64
		{7B213534-513F-4C9E-8905-A12E4B457B52}.Release|x86.ActiveCfg = Release|Win32
		{7B213534-513F-4C9E-8905-A12E4B457B52}.Release|x86.Build.0 = Release|Win32
		{2B013657-7BE1-4368-9F87-13A3675A06D5}.Debug|x64.ActiveCfg = Debug|x64
		{2B013657-7BE1-4368-9F87-13A3675A06D5}.Debug|x64.Build.0 = Debug|x64
		{2B013657-7BE1-4368-9F87-13A3675A06D5}.Debug|x86.ActiveCfg = Debug|Win32
		{2B013657-7BE1-4368-9F87-13A3675A06D5}.Debug|x86.Build.0 = Debug|Win32
		{2B013657-7BE1-4368-9F87-13A3675A06D5}.Release|x64.ActiveCfg = Release|x64
		{2B013657-7BE1-4368-9F87-13A3675A06D5}.Release|x64.Build.0 = Release|x64
		{2B013657-7BE1-4368-9F87-13A3675A06D5}.Release|x86.ActiveCfg = Release|Win32
		{2B013657-7BE1-4368-9F87-13A3675A06D5}.Release|x86.Build.0 = Release|Win32
		{39EBEE90-8BC9-4704-A877-DBA2EF096F3F}.Debug|x64.ActiveCfg = Debug|x64
		{39EBEE90-8BC9-4704-A877-DBA2EF096F3F}.Debug|x64.Build.0 = Debug|x64
		{39EBEE90-8BC9-4704-A877-DBA2EF096F3F}.Debug|x86.ActiveCfg = Debug|Win32
		{39EBEE90-8BC9-4704-A877-DBA2EF096F3F}.Debug|x86.Build.0 = Debug|Win32
		{39EBEE90-8BC9-4704-A877-DBA2EF096F3F}.Release|x64.ActiveCfg = Release|x64
		{39EBEE90-8BC9-4704-A877-DBA2EF096F3F}.Release|x64.Build.0 = Release|x64
		{39EBEE90-8BC9-4704-A877-DBA2EF096F3F}.Release|x86.ActiveCfg = Release|Win32
		{39EBEE90-8BC9-4704-A877-DBA2EF096F3F}.Release|x86.Build.0 = Release|Win32
	EndGlobalSection
	GlobalSection(SolutionProperties) = preSolution
		HideSolutionNode = FALSE
	EndGlobalSection
	GlobalSection(ExtensibilityGlobals) = postSolution
		SolutionGuid = {DFEA489A-7527-46F5-A511-71650816DCC3}
	EndGlobalSection
EndGlobal
